// !$*UTF8*$!
{
	archiveVersion = 1;
	classes = {
	};
	objectVersion = 53;
	objects = {

/* Begin PBXBuildFile section */
		95023E4124252AF40098187E /* PalleteCreateController.swift in Sources */ = {isa = PBXBuildFile; fileRef = 95023E4024252AF40098187E /* PalleteCreateController.swift */; };
		95144C4B245AE7FB0070DDF2 /* SegmentSelector.swift in Sources */ = {isa = PBXBuildFile; fileRef = 95144C4A245AE7FB0070DDF2 /* SegmentSelector.swift */; };
		95144C4D245C26C00070DDF2 /* SelectorSettings.swift in Sources */ = {isa = PBXBuildFile; fileRef = 95144C4C245C26C00070DDF2 /* SelectorSettings.swift */; };
		95144C4F245C53990070DDF2 /* ImagePixelColor.swift in Sources */ = {isa = PBXBuildFile; fileRef = 95144C4E245C53990070DDF2 /* ImagePixelColor.swift */; };
		95144C51245D04C00070DDF2 /* ProjectSettingsController.swift in Sources */ = {isa = PBXBuildFile; fileRef = 95144C50245D04C00070DDF2 /* ProjectSettingsController.swift */; };
		951CBD50244BB8A2004DB89B /* GradientController.swift in Sources */ = {isa = PBXBuildFile; fileRef = 951CBD4F244BB8A2004DB89B /* GradientController.swift */; };
		9523F2C62435F46300725214 /* ToggleView.swift in Sources */ = {isa = PBXBuildFile; fileRef = 9523F2C52435F46300725214 /* ToggleView.swift */; };
		9523F2C82437C4B700725214 /* EraseSettings.swift in Sources */ = {isa = PBXBuildFile; fileRef = 9523F2C72437C4B700725214 /* EraseSettings.swift */; };
		9523F2EE2439E17D00725214 /* GradientSettings.swift in Sources */ = {isa = PBXBuildFile; fileRef = 9523F2ED2439E17D00725214 /* GradientSettings.swift */; };
		9537B1A1243C6C880083BE27 /* GridView.swift in Sources */ = {isa = PBXBuildFile; fileRef = 9537B1A0243C6C880083BE27 /* GridView.swift */; };
		9537B1A6243E48C80083BE27 /* EditorLayer.swift in Sources */ = {isa = PBXBuildFile; fileRef = 9537B1A5243E48C80083BE27 /* EditorLayer.swift */; };
		9537B1AB24425D920083BE27 /* SettingsController.swift in Sources */ = {isa = PBXBuildFile; fileRef = 9537B1AA24425D920083BE27 /* SettingsController.swift */; };
		9540F1BC2431A2C5008D1657 /* NavigationView.swift in Sources */ = {isa = PBXBuildFile; fileRef = 9540F1BB2431A2C5008D1657 /* NavigationView.swift */; };
		9540F1BE243330D2008D1657 /* SliderView.swift in Sources */ = {isa = PBXBuildFile; fileRef = 9540F1BD243330D1008D1657 /* SliderView.swift */; };
		9540F1C02433DDB7008D1657 /* ColorSlider.swift in Sources */ = {isa = PBXBuildFile; fileRef = 9540F1BF2433DDB7008D1657 /* ColorSlider.swift */; };
		9540F1C22434CA97008D1657 /* CircleSelector.swift in Sources */ = {isa = PBXBuildFile; fileRef = 9540F1C12434CA97008D1657 /* CircleSelector.swift */; };
		954AABB023BBEC3D00F52955 /* AppDelegate.swift in Sources */ = {isa = PBXBuildFile; fileRef = 954AABAF23BBEC3D00F52955 /* AppDelegate.swift */; };
		954AABB223BBEC3D00F52955 /* SceneDelegate.swift in Sources */ = {isa = PBXBuildFile; fileRef = 954AABB123BBEC3D00F52955 /* SceneDelegate.swift */; };
		954AABB423BBEC3D00F52955 /* MainViewController.swift in Sources */ = {isa = PBXBuildFile; fileRef = 954AABB323BBEC3D00F52955 /* MainViewController.swift */; };
		954AABB923BBEC4100F52955 /* Assets.xcassets in Resources */ = {isa = PBXBuildFile; fileRef = 954AABB823BBEC4100F52955 /* Assets.xcassets */; };
		954BB2DE240D72B50008B9D5 /* Tool.swift in Sources */ = {isa = PBXBuildFile; fileRef = 954BB2DD240D72B50008B9D5 /* Tool.swift */; };
		954C32782453A71000E520A4 /* PalleteCollectionV2.swift in Sources */ = {isa = PBXBuildFile; fileRef = 954C32772453A71000E520A4 /* PalleteCollectionV2.swift */; };
		954DAE4B245E161200CB40B1 /* AlignmentSelector.swift in Sources */ = {isa = PBXBuildFile; fileRef = 954DAE4A245E161200CB40B1 /* AlignmentSelector.swift */; };
		954E6AE32475B3310030A3F3 /* PaletteCollection3.swift in Sources */ = {isa = PBXBuildFile; fileRef = 954E6AE22475B3310030A3F3 /* PaletteCollection3.swift */; };
		954FFE24246B357D00A4EC71 /* QuickLookThumbnailing.framework in Frameworks */ = {isa = PBXBuildFile; fileRef = 954FFE23246B357D00A4EC71 /* QuickLookThumbnailing.framework */; };
		954FFE27246B357D00A4EC71 /* ThumbnailProvider.swift in Sources */ = {isa = PBXBuildFile; fileRef = 954FFE26246B357D00A4EC71 /* ThumbnailProvider.swift */; };
		954FFE2B246B357D00A4EC71 /* FIles Miniature.appex in Embed App Extensions */ = {isa = PBXBuildFile; fileRef = 954FFE21246B357D00A4EC71 /* FIles Miniature.appex */; settings = {ATTRIBUTES = (RemoveHeadersOnCopy, ); }; };
		954FFE99246B66F700A4EC71 /* ThumbnailProvider.swift in Sources */ = {isa = PBXBuildFile; fileRef = 954FFE26246B357D00A4EC71 /* ThumbnailProvider.swift */; };
		954FFE9A246B6B9800A4EC71 /* Assets.xcassets in Resources */ = {isa = PBXBuildFile; fileRef = 954AABB823BBEC4100F52955 /* Assets.xcassets */; };
		95513ABB24709D59007E3E9E /* ColorsPalleteNew.swift in Sources */ = {isa = PBXBuildFile; fileRef = 95513ABA24709D59007E3E9E /* ColorsPalleteNew.swift */; };
		95513ABD2471E968007E3E9E /* ProjectViewNew.swift in Sources */ = {isa = PBXBuildFile; fileRef = 95513ABC2471E968007E3E9E /* ProjectViewNew.swift */; };
		955145D52405589100524FF9 /* ProjectCanvas.swift in Sources */ = {isa = PBXBuildFile; fileRef = 955145D42405589100524FF9 /* ProjectCanvas.swift */; };
		955145D724055D1000524FF9 /* Editor.swift in Sources */ = {isa = PBXBuildFile; fileRef = 955145D624055D1000524FF9 /* Editor.swift */; };
		95537EFF2470048E0074C821 /* SelectPaletteCollection.swift in Sources */ = {isa = PBXBuildFile; fileRef = 95537EFE2470048E0074C821 /* SelectPaletteCollection.swift */; };
		9555908923F5D580000EF96B /* GalleryControl.swift in Sources */ = {isa = PBXBuildFile; fileRef = 9555908823F5D580000EF96B /* GalleryControl.swift */; };
		95560A1323C2EA3100581482 /* a.swift in Sources */ = {isa = PBXBuildFile; fileRef = 95560A1223C2EA3100581482 /* a.swift */; };
		95560A1723C4302900581482 /* GalleryCells.swift in Sources */ = {isa = PBXBuildFile; fileRef = 95560A1623C4302900581482 /* GalleryCells.swift */; };
		95560A1823C4FD0800581482 /* Main.storyboard in Resources */ = {isa = PBXBuildFile; fileRef = 954AABB523BBEC3D00F52955 /* Main.storyboard */; };
		95560A1A23C5442800581482 /* GalleryLayout.swift in Sources */ = {isa = PBXBuildFile; fileRef = 95560A1923C5442800581482 /* GalleryLayout.swift */; };
		95560A1F23C79ACC00581482 /* ProjectsActions.swift in Sources */ = {isa = PBXBuildFile; fileRef = 95560A1E23C79ACC00581482 /* ProjectsActions.swift */; };
		95560A2223C8EBCC00581482 /* ProjectFullImage.swift in Sources */ = {isa = PBXBuildFile; fileRef = 95560A2123C8EBCC00581482 /* ProjectFullImage.swift */; };
		95560A2423CA315100581482 /* CreateDialog.swift in Sources */ = {isa = PBXBuildFile; fileRef = 95560A2323CA315100581482 /* CreateDialog.swift */; };
		95578E0523D4C0B200D8DDF2 /* CreateDIalogController.swift in Sources */ = {isa = PBXBuildFile; fileRef = 95578E0423D4C0B200D8DDF2 /* CreateDIalogController.swift */; };
		9559B9BC2462CBD80066EA40 /* TransformController.swift in Sources */ = {isa = PBXBuildFile; fileRef = 9559B9BB2462CBD80066EA40 /* TransformController.swift */; };
		9559B9BE2462D0550066EA40 /* ShapeCollection.swift in Sources */ = {isa = PBXBuildFile; fileRef = 9559B9BD2462D0550066EA40 /* ShapeCollection.swift */; };
		95662D90246DBEB8004970A1 /* ImportCollectionView.swift in Sources */ = {isa = PBXBuildFile; fileRef = 95662D8F246DBEB8004970A1 /* ImportCollectionView.swift */; };
		9567F5FD23BFF89C00694B40 /* ColorCreator.swift in Sources */ = {isa = PBXBuildFile; fileRef = 9567F5FC23BFF89C00694B40 /* ColorCreator.swift */; };
		956C61F72427C3B9000BF9E4 /* ToolBar.swift in Sources */ = {isa = PBXBuildFile; fileRef = 956C61F62427C3B9000BF9E4 /* ToolBar.swift */; };
		956C61F92427C3CE000BF9E4 /* ToolBarCollection.swift in Sources */ = {isa = PBXBuildFile; fileRef = 956C61F82427C3CE000BF9E4 /* ToolBarCollection.swift */; };
		956C61FB2427EE34000BF9E4 /* ToolButton.swift in Sources */ = {isa = PBXBuildFile; fileRef = 956C61FA2427EE34000BF9E4 /* ToolButton.swift */; };
		956E3107246E770000502A2F /* ThemeController.swift in Sources */ = {isa = PBXBuildFile; fileRef = 956E3106246E770000502A2F /* ThemeController.swift */; };
		956E310B246E774200502A2F /* ViewHelper.swift in Sources */ = {isa = PBXBuildFile; fileRef = 956E310A246E774200502A2F /* ViewHelper.swift */; };
		956E310D246E77FE00502A2F /* ThemeController.swift in Sources */ = {isa = PBXBuildFile; fileRef = 956E3106246E770000502A2F /* ThemeController.swift */; };
		9570657524164C350044FC39 /* FrameList.swift in Sources */ = {isa = PBXBuildFile; fileRef = 9570657424164C350044FC39 /* FrameList.swift */; };
		9570657924164D840044FC39 /* FramesView.swift in Sources */ = {isa = PBXBuildFile; fileRef = 9570657824164D840044FC39 /* FramesView.swift */; };
		9570657B24169C910044FC39 /* FrameControl.swift in Sources */ = {isa = PBXBuildFile; fileRef = 9570657A24169C910044FC39 /* FrameControl.swift */; };
		9570657E2417EA6C0044FC39 /* FramesCollection.swift in Sources */ = {isa = PBXBuildFile; fileRef = 9570657D2417EA6C0044FC39 /* FramesCollection.swift */; };
		9571F63D244503E200BCBA38 /* EditorController.swift in Sources */ = {isa = PBXBuildFile; fileRef = 9571F63C244503E200BCBA38 /* EditorController.swift */; };
		95746A1E2406DB9200DD2328 /* LayersView.swift in Sources */ = {isa = PBXBuildFile; fileRef = 95746A1D2406DB9200DD2328 /* LayersView.swift */; };
		95782CDE23CB928200C2772F /* TextFIeld.swift in Sources */ = {isa = PBXBuildFile; fileRef = 95782CDD23CB928200C2772F /* TextFIeld.swift */; };
		95782CE023CD8F3000C2772F /* TextFieldDelegate.swift in Sources */ = {isa = PBXBuildFile; fileRef = 95782CDF23CD8F3000C2772F /* TextFieldDelegate.swift */; };
		957D040E2408283400E58210 /* FramePreview.swift in Sources */ = {isa = PBXBuildFile; fileRef = 957D040D2408283400E58210 /* FramePreview.swift */; };
		957D04142408510800E58210 /* ProjectControl.swift in Sources */ = {isa = PBXBuildFile; fileRef = 957D04132408510800E58210 /* ProjectControl.swift */; };
		95816A4B244B2E6A007C7A69 /* ProjectWorker.swift in Sources */ = {isa = PBXBuildFile; fileRef = 957DB8DA2412A2780011CDD6 /* ProjectWorker.swift */; };
		95816A4D244B4470007C7A69 /* SymmetryController.swift in Sources */ = {isa = PBXBuildFile; fileRef = 95816A4C244B4470007C7A69 /* SymmetryController.swift */; };
		958C0C1A24180399007B9C95 /* FramesCollectionView.swift in Sources */ = {isa = PBXBuildFile; fileRef = 958C0C1924180399007B9C95 /* FramesCollectionView.swift */; };
		958C0C1C241961DE007B9C95 /* LayerCollection.swift in Sources */ = {isa = PBXBuildFile; fileRef = 958C0C1B241961DE007B9C95 /* LayerCollection.swift */; };
		958C0C1E2419653F007B9C95 /* LayersCollectionView.swift in Sources */ = {isa = PBXBuildFile; fileRef = 958C0C1D2419653F007B9C95 /* LayersCollectionView.swift */; };
		959A533024431C5300F6BF80 /* PalletesDialog.swift in Sources */ = {isa = PBXBuildFile; fileRef = 959A532F24431C5300F6BF80 /* PalletesDialog.swift */; };
		959B51422464504C0071F2CA /* Localizable.strings in Resources */ = {isa = PBXBuildFile; fileRef = 959B51442464504C0071F2CA /* Localizable.strings */; };
		959BCFB8241EC64100B27CFB /* PalleteFull.swift in Sources */ = {isa = PBXBuildFile; fileRef = 959BCFB7241EC64100B27CFB /* PalleteFull.swift */; };
		959BCFBB241FECB900B27CFB /* PalleteEditor.swift in Sources */ = {isa = PBXBuildFile; fileRef = 959BCFBA241FECB900B27CFB /* PalleteEditor.swift */; };
		959BCFBF241FEFA300B27CFB /* PalleteWorker.swift in Sources */ = {isa = PBXBuildFile; fileRef = 959BCFBE241FEFA300B27CFB /* PalleteWorker.swift */; };
		959BCFC3242254F100B27CFB /* FullColor.swift in Sources */ = {isa = PBXBuildFile; fileRef = 959BCFC2242254F100B27CFB /* FullColor.swift */; };
		959CB7E1246F59300096EF38 /* PalleteSelectController.swift in Sources */ = {isa = PBXBuildFile; fileRef = 959CB7E0246F59300096EF38 /* PalleteSelectController.swift */; };
		959DB4AA2469B4CC006C4678 /* ToolBarRepositionCollection.swift in Sources */ = {isa = PBXBuildFile; fileRef = 959DB4A92469B4CC006C4678 /* ToolBarRepositionCollection.swift */; };
		959DC1132430AD38001A79DF /* PencilSettings.swift in Sources */ = {isa = PBXBuildFile; fileRef = 959DC1122430AD38001A79DF /* PencilSettings.swift */; };
		95A35C942446357C005780F0 /* FastActionBar.swift in Sources */ = {isa = PBXBuildFile; fileRef = 95A35C932446357C005780F0 /* FastActionBar.swift */; };
		95A51E1224444B4700A03606 /* Training.swift in Sources */ = {isa = PBXBuildFile; fileRef = 95A51E1124444B4700A03606 /* Training.swift */; };
		95A52B58247904A800DB1567 /* ProjectExportController.swift in Sources */ = {isa = PBXBuildFile; fileRef = 95A52B57247904A800DB1567 /* ProjectExportController.swift */; };
		95A626AF24446099007E75F3 /* PencilController.swift in Sources */ = {isa = PBXBuildFile; fileRef = 95A626AE24446099007E75F3 /* PencilController.swift */; };
		95A626B12444616D007E75F3 /* TrainingMain.swift in Sources */ = {isa = PBXBuildFile; fileRef = 95A626B02444616C007E75F3 /* TrainingMain.swift */; };
		95A64B3D246C724A002CBCDA /* PalleteWorker.swift in Sources */ = {isa = PBXBuildFile; fileRef = 959BCFBE241FEFA300B27CFB /* PalleteWorker.swift */; };
		95A64B3E246C7449002CBCDA /* ColorStyle.swift in Sources */ = {isa = PBXBuildFile; fileRef = 95C7278723EB583D00ED1A28 /* ColorStyle.swift */; };
		95A64B3F246C7455002CBCDA /* Tool.swift in Sources */ = {isa = PBXBuildFile; fileRef = 954BB2DD240D72B50008B9D5 /* Tool.swift */; };
		95A64B40246C7484002CBCDA /* ImagePixelColor.swift in Sources */ = {isa = PBXBuildFile; fileRef = 95144C4E245C53990070DDF2 /* ImagePixelColor.swift */; };
		95A64B41246C74EF002CBCDA /* ColorCreator.swift in Sources */ = {isa = PBXBuildFile; fileRef = 9567F5FC23BFF89C00694B40 /* ColorCreator.swift */; };
		95A64B43246CCA00002CBCDA /* ProjectImportController.swift in Sources */ = {isa = PBXBuildFile; fileRef = 95A64B42246CCA00002CBCDA /* ProjectImportController.swift */; };
		95A67779246A9ABE00B3A3F6 /* AboutDeveloperController.swift in Sources */ = {isa = PBXBuildFile; fileRef = 95A67778246A9ABE00B3A3F6 /* AboutDeveloperController.swift */; };
		95A799612443A3E200F7BBE2 /* ThemeSelect.swift in Sources */ = {isa = PBXBuildFile; fileRef = 95A799602443A3E200F7BBE2 /* ThemeSelect.swift */; };
		95A799652443B59800F7BBE2 /* MainSettingsMenu.swift in Sources */ = {isa = PBXBuildFile; fileRef = 95A799642443B59800F7BBE2 /* MainSettingsMenu.swift */; };
		95A89E3523FA3E7E00DC796C /* FrameWorker.swift in Sources */ = {isa = PBXBuildFile; fileRef = 95A89E3423FA3E7E00DC796C /* FrameWorker.swift */; };
		95AA119C2444C1500048CB96 /* SwiftUIFun.swift in Sources */ = {isa = PBXBuildFile; fileRef = 95AA119B2444C1500048CB96 /* SwiftUIFun.swift */; };
		95C0EDD42448B1450012D60D /* SummetryView.swift in Sources */ = {isa = PBXBuildFile; fileRef = 95C0EDD32448B1450012D60D /* SummetryView.swift */; };
		95C0EDD62448B2130012D60D /* GridLayer.swift in Sources */ = {isa = PBXBuildFile; fileRef = 95C0EDD52448B2130012D60D /* GridLayer.swift */; };
		95C1233D241E08A600775377 /* PalleteCollection.swift in Sources */ = {isa = PBXBuildFile; fileRef = 95C1233C241E08A600775377 /* PalleteCollection.swift */; };
		95C19B1A24822AEF003B779F /* EditorTool.swift in Sources */ = {isa = PBXBuildFile; fileRef = 95C19B1924822AEF003B779F /* EditorTool.swift */; };
		95C7278423EB384300ED1A28 /* ColorSelectorController.swift in Sources */ = {isa = PBXBuildFile; fileRef = 95C7278323EB384200ED1A28 /* ColorSelectorController.swift */; };
		95C7278623EB577900ED1A28 /* CircleButton.swift in Sources */ = {isa = PBXBuildFile; fileRef = 95C7278523EB577900ED1A28 /* CircleButton.swift */; };
		95C7278823EB583D00ED1A28 /* ColorStyle.swift in Sources */ = {isa = PBXBuildFile; fileRef = 95C7278723EB583D00ED1A28 /* ColorStyle.swift */; };
		95C7279F23EB637800ED1A28 /* Rubik-Light.ttf in Resources */ = {isa = PBXBuildFile; fileRef = 95C7279523EB637500ED1A28 /* Rubik-Light.ttf */; };
		95C727A023EB637800ED1A28 /* Rubik-Bold.ttf in Resources */ = {isa = PBXBuildFile; fileRef = 95C7279623EB637500ED1A28 /* Rubik-Bold.ttf */; };
		95C727A123EB637800ED1A28 /* Rubik-Black.ttf in Resources */ = {isa = PBXBuildFile; fileRef = 95C7279723EB637500ED1A28 /* Rubik-Black.ttf */; };
		95C727A223EB637800ED1A28 /* Rubik-LightItalic.ttf in Resources */ = {isa = PBXBuildFile; fileRef = 95C7279823EB637600ED1A28 /* Rubik-LightItalic.ttf */; };
		95C727A323EB637800ED1A28 /* Rubik-Regular.ttf in Resources */ = {isa = PBXBuildFile; fileRef = 95C7279923EB637600ED1A28 /* Rubik-Regular.ttf */; };
		95C727A423EB637800ED1A28 /* Rubik-Medium.ttf in Resources */ = {isa = PBXBuildFile; fileRef = 95C7279A23EB637600ED1A28 /* Rubik-Medium.ttf */; };
		95C727A523EB637800ED1A28 /* Rubik-Italic.ttf in Resources */ = {isa = PBXBuildFile; fileRef = 95C7279B23EB637700ED1A28 /* Rubik-Italic.ttf */; };
		95C727A623EB637800ED1A28 /* Rubik-BlackItalic.ttf in Resources */ = {isa = PBXBuildFile; fileRef = 95C7279C23EB637700ED1A28 /* Rubik-BlackItalic.ttf */; };
		95C727A723EB637800ED1A28 /* Rubik-MediumItalic.ttf in Resources */ = {isa = PBXBuildFile; fileRef = 95C7279D23EB637700ED1A28 /* Rubik-MediumItalic.ttf */; };
		95C727A823EB637800ED1A28 /* Rubik-BoldItalic.ttf in Resources */ = {isa = PBXBuildFile; fileRef = 95C7279E23EB637800ED1A28 /* Rubik-BoldItalic.ttf */; };
		95C850232468620900366EA2 /* EditorSettingsController.swift in Sources */ = {isa = PBXBuildFile; fileRef = 95C850222468620900366EA2 /* EditorSettingsController.swift */; };
		95DC554C23EC9A820011FA2A /* ColorSelectDialog1.swift in Sources */ = {isa = PBXBuildFile; fileRef = 95DC554B23EC9A820011FA2A /* ColorSelectDialog1.swift */; };
		95DC554E23EC9D2A0011FA2A /* ColorSelector.swift in Sources */ = {isa = PBXBuildFile; fileRef = 95DC554D23EC9D2A0011FA2A /* ColorSelector.swift */; };
		95DC555023EDF8280011FA2A /* CIrcleColorSlider.swift in Sources */ = {isa = PBXBuildFile; fileRef = 95DC554F23EDF8280011FA2A /* CIrcleColorSlider.swift */; };
		95DC555223EF3FEA0011FA2A /* ColorSelectDialog2.swift in Sources */ = {isa = PBXBuildFile; fileRef = 95DC555123EF3FEA0011FA2A /* ColorSelectDialog2.swift */; };
		95E2A02F2455185800B02742 /* EraseController.swift in Sources */ = {isa = PBXBuildFile; fileRef = 95E2A02E2455185800B02742 /* EraseController.swift */; };
		95E2A0312455197400B02742 /* FillController.swift in Sources */ = {isa = PBXBuildFile; fileRef = 95E2A0302455197400B02742 /* FillController.swift */; };
		95E2A03324551CA500B02742 /* SelectionController.swift in Sources */ = {isa = PBXBuildFile; fileRef = 95E2A03224551CA500B02742 /* SelectionController.swift */; };
		95E3D4AA24524AB90057A830 /* ProjectPallete.swift in Sources */ = {isa = PBXBuildFile; fileRef = 95E3D4A924524AB90057A830 /* ProjectPallete.swift */; };
		95F8AFC3245E0B8F00A26B58 /* ProjectResizeController.swift in Sources */ = {isa = PBXBuildFile; fileRef = 95F8AFC2245E0B8F00A26B58 /* ProjectResizeController.swift */; };
		95FC4151240A8ECE00B7F315 /* LayerList.swift in Sources */ = {isa = PBXBuildFile; fileRef = 95FC4150240A8ECE00B7F315 /* LayerList.swift */; };
		95FFC435244DA3C40011A5DC /* TransformView.swift in Sources */ = {isa = PBXBuildFile; fileRef = 95FFC434244DA3C40011A5DC /* TransformView.swift */; };
/* End PBXBuildFile section */

/* Begin PBXContainerItemProxy section */
		954FFE29246B357D00A4EC71 /* PBXContainerItemProxy */ = {
			isa = PBXContainerItemProxy;
			containerPortal = 954AABA423BBEC3D00F52955 /* Project object */;
			proxyType = 1;
			remoteGlobalIDString = 954FFE20246B357D00A4EC71;
			remoteInfo = "FIles Miniature";
		};
/* End PBXContainerItemProxy section */

/* Begin PBXCopyFilesBuildPhase section */
		954FFE2C246B357D00A4EC71 /* Embed App Extensions */ = {
			isa = PBXCopyFilesBuildPhase;
			buildActionMask = 2147483647;
			dstPath = "";
			dstSubfolderSpec = 13;
			files = (
				954FFE2B246B357D00A4EC71 /* FIles Miniature.appex in Embed App Extensions */,
			);
			name = "Embed App Extensions";
			runOnlyForDeploymentPostprocessing = 0;
		};
/* End PBXCopyFilesBuildPhase section */

/* Begin PBXFileReference section */
		95023E4024252AF40098187E /* PalleteCreateController.swift */ = {isa = PBXFileReference; lastKnownFileType = sourcecode.swift; path = PalleteCreateController.swift; sourceTree = "<group>"; };
		95144C4A245AE7FB0070DDF2 /* SegmentSelector.swift */ = {isa = PBXFileReference; lastKnownFileType = sourcecode.swift; path = SegmentSelector.swift; sourceTree = "<group>"; };
		95144C4C245C26C00070DDF2 /* SelectorSettings.swift */ = {isa = PBXFileReference; lastKnownFileType = sourcecode.swift; path = SelectorSettings.swift; sourceTree = "<group>"; };
		95144C4E245C53990070DDF2 /* ImagePixelColor.swift */ = {isa = PBXFileReference; lastKnownFileType = sourcecode.swift; path = ImagePixelColor.swift; sourceTree = "<group>"; };
		95144C50245D04C00070DDF2 /* ProjectSettingsController.swift */ = {isa = PBXFileReference; lastKnownFileType = sourcecode.swift; path = ProjectSettingsController.swift; sourceTree = "<group>"; };
		951CBD4F244BB8A2004DB89B /* GradientController.swift */ = {isa = PBXFileReference; lastKnownFileType = sourcecode.swift; path = GradientController.swift; sourceTree = "<group>"; };
		9523F2C52435F46300725214 /* ToggleView.swift */ = {isa = PBXFileReference; lastKnownFileType = sourcecode.swift; path = ToggleView.swift; sourceTree = "<group>"; };
		9523F2C72437C4B700725214 /* EraseSettings.swift */ = {isa = PBXFileReference; lastKnownFileType = sourcecode.swift; path = EraseSettings.swift; sourceTree = "<group>"; };
		9523F2ED2439E17D00725214 /* GradientSettings.swift */ = {isa = PBXFileReference; lastKnownFileType = sourcecode.swift; path = GradientSettings.swift; sourceTree = "<group>"; };
		9537B1A0243C6C880083BE27 /* GridView.swift */ = {isa = PBXFileReference; lastKnownFileType = sourcecode.swift; path = GridView.swift; sourceTree = "<group>"; };
		9537B1A5243E48C80083BE27 /* EditorLayer.swift */ = {isa = PBXFileReference; lastKnownFileType = sourcecode.swift; path = EditorLayer.swift; sourceTree = "<group>"; };
		9537B1AA24425D920083BE27 /* SettingsController.swift */ = {isa = PBXFileReference; lastKnownFileType = sourcecode.swift; path = SettingsController.swift; sourceTree = "<group>"; };
		9540F1BB2431A2C5008D1657 /* NavigationView.swift */ = {isa = PBXFileReference; lastKnownFileType = sourcecode.swift; path = NavigationView.swift; sourceTree = "<group>"; };
		9540F1BD243330D1008D1657 /* SliderView.swift */ = {isa = PBXFileReference; lastKnownFileType = sourcecode.swift; path = SliderView.swift; sourceTree = "<group>"; };
		9540F1BF2433DDB7008D1657 /* ColorSlider.swift */ = {isa = PBXFileReference; lastKnownFileType = sourcecode.swift; path = ColorSlider.swift; sourceTree = "<group>"; };
		9540F1C12434CA97008D1657 /* CircleSelector.swift */ = {isa = PBXFileReference; lastKnownFileType = sourcecode.swift; path = CircleSelector.swift; sourceTree = "<group>"; };
		954AABAC23BBEC3D00F52955 /* Pixel Null.app */ = {isa = PBXFileReference; explicitFileType = wrapper.application; includeInIndex = 0; path = "Pixel Null.app"; sourceTree = BUILT_PRODUCTS_DIR; };
		954AABAF23BBEC3D00F52955 /* AppDelegate.swift */ = {isa = PBXFileReference; lastKnownFileType = sourcecode.swift; path = AppDelegate.swift; sourceTree = "<group>"; };
		954AABB123BBEC3D00F52955 /* SceneDelegate.swift */ = {isa = PBXFileReference; lastKnownFileType = sourcecode.swift; path = SceneDelegate.swift; sourceTree = "<group>"; };
		954AABB323BBEC3D00F52955 /* MainViewController.swift */ = {isa = PBXFileReference; lastKnownFileType = sourcecode.swift; path = MainViewController.swift; sourceTree = "<group>"; };
		954AABB623BBEC3D00F52955 /* Base */ = {isa = PBXFileReference; lastKnownFileType = file.storyboard; name = Base; path = Base.lproj/Main.storyboard; sourceTree = "<group>"; };
		954AABB823BBEC4100F52955 /* Assets.xcassets */ = {isa = PBXFileReference; lastKnownFileType = folder.assetcatalog; path = Assets.xcassets; sourceTree = "<group>"; };
		954AABBB23BBEC4100F52955 /* Base */ = {isa = PBXFileReference; lastKnownFileType = file.storyboard; name = Base; path = Base.lproj/LaunchScreen.storyboard; sourceTree = "<group>"; };
		954AABBD23BBEC4100F52955 /* Info.plist */ = {isa = PBXFileReference; lastKnownFileType = text.plist.xml; path = Info.plist; sourceTree = "<group>"; };
		954BB2DD240D72B50008B9D5 /* Tool.swift */ = {isa = PBXFileReference; lastKnownFileType = sourcecode.swift; path = Tool.swift; sourceTree = "<group>"; };
		954C32772453A71000E520A4 /* PalleteCollectionV2.swift */ = {isa = PBXFileReference; lastKnownFileType = sourcecode.swift; path = PalleteCollectionV2.swift; sourceTree = "<group>"; };
		954DAE4A245E161200CB40B1 /* AlignmentSelector.swift */ = {isa = PBXFileReference; lastKnownFileType = sourcecode.swift; path = AlignmentSelector.swift; sourceTree = "<group>"; };
		954E6AE22475B3310030A3F3 /* PaletteCollection3.swift */ = {isa = PBXFileReference; lastKnownFileType = sourcecode.swift; path = PaletteCollection3.swift; sourceTree = "<group>"; };
		954FFE21246B357D00A4EC71 /* FIles Miniature.appex */ = {isa = PBXFileReference; explicitFileType = "wrapper.app-extension"; includeInIndex = 0; path = "FIles Miniature.appex"; sourceTree = BUILT_PRODUCTS_DIR; };
		954FFE23246B357D00A4EC71 /* QuickLookThumbnailing.framework */ = {isa = PBXFileReference; lastKnownFileType = wrapper.framework; name = QuickLookThumbnailing.framework; path = System/Library/Frameworks/QuickLookThumbnailing.framework; sourceTree = SDKROOT; };
		954FFE26246B357D00A4EC71 /* ThumbnailProvider.swift */ = {isa = PBXFileReference; lastKnownFileType = sourcecode.swift; path = ThumbnailProvider.swift; sourceTree = "<group>"; };
		954FFE28246B357D00A4EC71 /* Info.plist */ = {isa = PBXFileReference; lastKnownFileType = text.plist.xml; path = Info.plist; sourceTree = "<group>"; };
		95513ABA24709D59007E3E9E /* ColorsPalleteNew.swift */ = {isa = PBXFileReference; lastKnownFileType = sourcecode.swift; path = ColorsPalleteNew.swift; sourceTree = "<group>"; };
		95513ABC2471E968007E3E9E /* ProjectViewNew.swift */ = {isa = PBXFileReference; lastKnownFileType = sourcecode.swift; path = ProjectViewNew.swift; sourceTree = "<group>"; };
		955145D42405589100524FF9 /* ProjectCanvas.swift */ = {isa = PBXFileReference; lastKnownFileType = sourcecode.swift; path = ProjectCanvas.swift; sourceTree = "<group>"; };
		955145D624055D1000524FF9 /* Editor.swift */ = {isa = PBXFileReference; lastKnownFileType = sourcecode.swift; path = Editor.swift; sourceTree = "<group>"; };
		95537EFE2470048E0074C821 /* SelectPaletteCollection.swift */ = {isa = PBXFileReference; lastKnownFileType = sourcecode.swift; path = SelectPaletteCollection.swift; sourceTree = "<group>"; };
		9555908823F5D580000EF96B /* GalleryControl.swift */ = {isa = PBXFileReference; lastKnownFileType = sourcecode.swift; path = GalleryControl.swift; sourceTree = "<group>"; };
		95560A1223C2EA3100581482 /* a.swift */ = {isa = PBXFileReference; lastKnownFileType = sourcecode.swift; path = a.swift; sourceTree = "<group>"; };
		95560A1623C4302900581482 /* GalleryCells.swift */ = {isa = PBXFileReference; lastKnownFileType = sourcecode.swift; path = GalleryCells.swift; sourceTree = "<group>"; };
		95560A1923C5442800581482 /* GalleryLayout.swift */ = {isa = PBXFileReference; lastKnownFileType = sourcecode.swift; path = GalleryLayout.swift; sourceTree = "<group>"; };
		95560A1E23C79ACC00581482 /* ProjectsActions.swift */ = {isa = PBXFileReference; lastKnownFileType = sourcecode.swift; path = ProjectsActions.swift; sourceTree = "<group>"; };
		95560A2123C8EBCC00581482 /* ProjectFullImage.swift */ = {isa = PBXFileReference; lastKnownFileType = sourcecode.swift; path = ProjectFullImage.swift; sourceTree = "<group>"; };
		95560A2323CA315100581482 /* CreateDialog.swift */ = {isa = PBXFileReference; lastKnownFileType = sourcecode.swift; path = CreateDialog.swift; sourceTree = "<group>"; };
		95578E0423D4C0B200D8DDF2 /* CreateDIalogController.swift */ = {isa = PBXFileReference; lastKnownFileType = sourcecode.swift; path = CreateDIalogController.swift; sourceTree = "<group>"; };
		9559B9BB2462CBD80066EA40 /* TransformController.swift */ = {isa = PBXFileReference; lastKnownFileType = sourcecode.swift; path = TransformController.swift; sourceTree = "<group>"; };
		9559B9BD2462D0550066EA40 /* ShapeCollection.swift */ = {isa = PBXFileReference; lastKnownFileType = sourcecode.swift; path = ShapeCollection.swift; sourceTree = "<group>"; };
		95662D8F246DBEB8004970A1 /* ImportCollectionView.swift */ = {isa = PBXFileReference; lastKnownFileType = sourcecode.swift; path = ImportCollectionView.swift; sourceTree = "<group>"; };
		9567F5FC23BFF89C00694B40 /* ColorCreator.swift */ = {isa = PBXFileReference; lastKnownFileType = sourcecode.swift; path = ColorCreator.swift; sourceTree = "<group>"; };
		956C61F62427C3B9000BF9E4 /* ToolBar.swift */ = {isa = PBXFileReference; lastKnownFileType = sourcecode.swift; path = ToolBar.swift; sourceTree = "<group>"; usesTabs = 0; };
		956C61F82427C3CE000BF9E4 /* ToolBarCollection.swift */ = {isa = PBXFileReference; lastKnownFileType = sourcecode.swift; path = ToolBarCollection.swift; sourceTree = "<group>"; };
		956C61FA2427EE34000BF9E4 /* ToolButton.swift */ = {isa = PBXFileReference; lastKnownFileType = sourcecode.swift; path = ToolButton.swift; sourceTree = "<group>"; };
		956E3106246E770000502A2F /* ThemeController.swift */ = {isa = PBXFileReference; lastKnownFileType = sourcecode.swift; path = ThemeController.swift; sourceTree = "<group>"; };
		956E310A246E774200502A2F /* ViewHelper.swift */ = {isa = PBXFileReference; lastKnownFileType = sourcecode.swift; path = ViewHelper.swift; sourceTree = "<group>"; };
		9570657424164C350044FC39 /* FrameList.swift */ = {isa = PBXFileReference; lastKnownFileType = sourcecode.swift; path = FrameList.swift; sourceTree = "<group>"; };
		9570657824164D840044FC39 /* FramesView.swift */ = {isa = PBXFileReference; lastKnownFileType = sourcecode.swift; path = FramesView.swift; sourceTree = "<group>"; };
		9570657A24169C910044FC39 /* FrameControl.swift */ = {isa = PBXFileReference; lastKnownFileType = sourcecode.swift; path = FrameControl.swift; sourceTree = "<group>"; };
		9570657D2417EA6C0044FC39 /* FramesCollection.swift */ = {isa = PBXFileReference; lastKnownFileType = sourcecode.swift; path = FramesCollection.swift; sourceTree = "<group>"; };
		9571F63C244503E200BCBA38 /* EditorController.swift */ = {isa = PBXFileReference; lastKnownFileType = sourcecode.swift; path = EditorController.swift; sourceTree = "<group>"; };
		95746A1D2406DB9200DD2328 /* LayersView.swift */ = {isa = PBXFileReference; lastKnownFileType = sourcecode.swift; path = LayersView.swift; sourceTree = "<group>"; };
		95782CDD23CB928200C2772F /* TextFIeld.swift */ = {isa = PBXFileReference; lastKnownFileType = sourcecode.swift; path = TextFIeld.swift; sourceTree = "<group>"; };
		95782CDF23CD8F3000C2772F /* TextFieldDelegate.swift */ = {isa = PBXFileReference; lastKnownFileType = sourcecode.swift; path = TextFieldDelegate.swift; sourceTree = "<group>"; };
		957D040D2408283400E58210 /* FramePreview.swift */ = {isa = PBXFileReference; lastKnownFileType = sourcecode.swift; path = FramePreview.swift; sourceTree = "<group>"; };
		957D04132408510800E58210 /* ProjectControl.swift */ = {isa = PBXFileReference; lastKnownFileType = sourcecode.swift; path = ProjectControl.swift; sourceTree = "<group>"; };
		957DB8DA2412A2780011CDD6 /* ProjectWorker.swift */ = {isa = PBXFileReference; lastKnownFileType = sourcecode.swift; path = ProjectWorker.swift; sourceTree = "<group>"; };
		95816A4C244B4470007C7A69 /* SymmetryController.swift */ = {isa = PBXFileReference; lastKnownFileType = sourcecode.swift; path = SymmetryController.swift; sourceTree = "<group>"; };
		958C0C1924180399007B9C95 /* FramesCollectionView.swift */ = {isa = PBXFileReference; lastKnownFileType = sourcecode.swift; path = FramesCollectionView.swift; sourceTree = "<group>"; };
		958C0C1B241961DE007B9C95 /* LayerCollection.swift */ = {isa = PBXFileReference; lastKnownFileType = sourcecode.swift; path = LayerCollection.swift; sourceTree = "<group>"; };
		958C0C1D2419653F007B9C95 /* LayersCollectionView.swift */ = {isa = PBXFileReference; lastKnownFileType = sourcecode.swift; path = LayersCollectionView.swift; sourceTree = "<group>"; };
		959A532F24431C5300F6BF80 /* PalletesDialog.swift */ = {isa = PBXFileReference; lastKnownFileType = sourcecode.swift; path = PalletesDialog.swift; sourceTree = "<group>"; };
		959B51452464504F0071F2CA /* en */ = {isa = PBXFileReference; lastKnownFileType = text.plist.strings; name = en; path = en.lproj/Localizable.strings; sourceTree = "<group>"; };
		959BCFB7241EC64100B27CFB /* PalleteFull.swift */ = {isa = PBXFileReference; lastKnownFileType = sourcecode.swift; path = PalleteFull.swift; sourceTree = "<group>"; };
		959BCFBA241FECB900B27CFB /* PalleteEditor.swift */ = {isa = PBXFileReference; lastKnownFileType = sourcecode.swift; path = PalleteEditor.swift; sourceTree = "<group>"; };
		959BCFBE241FEFA300B27CFB /* PalleteWorker.swift */ = {isa = PBXFileReference; lastKnownFileType = sourcecode.swift; path = PalleteWorker.swift; sourceTree = "<group>"; };
		959BCFC2242254F100B27CFB /* FullColor.swift */ = {isa = PBXFileReference; lastKnownFileType = sourcecode.swift; path = FullColor.swift; sourceTree = "<group>"; };
		959CB7E0246F59300096EF38 /* PalleteSelectController.swift */ = {isa = PBXFileReference; lastKnownFileType = sourcecode.swift; path = PalleteSelectController.swift; sourceTree = "<group>"; };
		959DB4A92469B4CC006C4678 /* ToolBarRepositionCollection.swift */ = {isa = PBXFileReference; lastKnownFileType = sourcecode.swift; path = ToolBarRepositionCollection.swift; sourceTree = "<group>"; };
		959DC1122430AD38001A79DF /* PencilSettings.swift */ = {isa = PBXFileReference; lastKnownFileType = sourcecode.swift; path = PencilSettings.swift; sourceTree = "<group>"; };
		95A35C932446357C005780F0 /* FastActionBar.swift */ = {isa = PBXFileReference; lastKnownFileType = sourcecode.swift; path = FastActionBar.swift; sourceTree = "<group>"; };
		95A51E1124444B4700A03606 /* Training.swift */ = {isa = PBXFileReference; lastKnownFileType = sourcecode.swift; path = Training.swift; sourceTree = "<group>"; };
		95A52B57247904A800DB1567 /* ProjectExportController.swift */ = {isa = PBXFileReference; lastKnownFileType = sourcecode.swift; path = ProjectExportController.swift; sourceTree = "<group>"; };
		95A626AE24446099007E75F3 /* PencilController.swift */ = {isa = PBXFileReference; lastKnownFileType = sourcecode.swift; path = PencilController.swift; sourceTree = "<group>"; };
		95A626B02444616C007E75F3 /* TrainingMain.swift */ = {isa = PBXFileReference; lastKnownFileType = sourcecode.swift; path = TrainingMain.swift; sourceTree = "<group>"; };
		95A64B42246CCA00002CBCDA /* ProjectImportController.swift */ = {isa = PBXFileReference; lastKnownFileType = sourcecode.swift; path = ProjectImportController.swift; sourceTree = "<group>"; };
		95A67778246A9ABE00B3A3F6 /* AboutDeveloperController.swift */ = {isa = PBXFileReference; lastKnownFileType = sourcecode.swift; path = AboutDeveloperController.swift; sourceTree = "<group>"; };
		95A799602443A3E200F7BBE2 /* ThemeSelect.swift */ = {isa = PBXFileReference; lastKnownFileType = sourcecode.swift; path = ThemeSelect.swift; sourceTree = "<group>"; };
		95A799642443B59800F7BBE2 /* MainSettingsMenu.swift */ = {isa = PBXFileReference; lastKnownFileType = sourcecode.swift; path = MainSettingsMenu.swift; sourceTree = "<group>"; xcLanguageSpecificationIdentifier = xcode.lang.swift; };
		95A89E3423FA3E7E00DC796C /* FrameWorker.swift */ = {isa = PBXFileReference; lastKnownFileType = sourcecode.swift; path = FrameWorker.swift; sourceTree = "<group>"; };
		95AA119B2444C1500048CB96 /* SwiftUIFun.swift */ = {isa = PBXFileReference; lastKnownFileType = sourcecode.swift; path = SwiftUIFun.swift; sourceTree = "<group>"; };
		95C0EDD32448B1450012D60D /* SummetryView.swift */ = {isa = PBXFileReference; lastKnownFileType = sourcecode.swift; path = SummetryView.swift; sourceTree = "<group>"; };
		95C0EDD52448B2130012D60D /* GridLayer.swift */ = {isa = PBXFileReference; fileEncoding = 4; lastKnownFileType = sourcecode.swift; path = GridLayer.swift; sourceTree = "<group>"; };
		95C1233C241E08A600775377 /* PalleteCollection.swift */ = {isa = PBXFileReference; lastKnownFileType = sourcecode.swift; path = PalleteCollection.swift; sourceTree = "<group>"; };
		95C19B1924822AEF003B779F /* EditorTool.swift */ = {isa = PBXFileReference; lastKnownFileType = sourcecode.swift; path = EditorTool.swift; sourceTree = "<group>"; };
		95C7278323EB384200ED1A28 /* ColorSelectorController.swift */ = {isa = PBXFileReference; lastKnownFileType = sourcecode.swift; path = ColorSelectorController.swift; sourceTree = "<group>"; };
		95C7278523EB577900ED1A28 /* CircleButton.swift */ = {isa = PBXFileReference; lastKnownFileType = sourcecode.swift; path = CircleButton.swift; sourceTree = "<group>"; };
		95C7278723EB583D00ED1A28 /* ColorStyle.swift */ = {isa = PBXFileReference; lastKnownFileType = sourcecode.swift; path = ColorStyle.swift; sourceTree = "<group>"; };
		95C7279523EB637500ED1A28 /* Rubik-Light.ttf */ = {isa = PBXFileReference; lastKnownFileType = file; path = "Rubik-Light.ttf"; sourceTree = "<group>"; };
		95C7279623EB637500ED1A28 /* Rubik-Bold.ttf */ = {isa = PBXFileReference; lastKnownFileType = file; path = "Rubik-Bold.ttf"; sourceTree = "<group>"; };
		95C7279723EB637500ED1A28 /* Rubik-Black.ttf */ = {isa = PBXFileReference; lastKnownFileType = file; name = "Rubik-Black.ttf"; path = "Pixel-Null/fonts/Rubik/Rubik-Black.ttf"; sourceTree = SOURCE_ROOT; };
		95C7279823EB637600ED1A28 /* Rubik-LightItalic.ttf */ = {isa = PBXFileReference; lastKnownFileType = file; path = "Rubik-LightItalic.ttf"; sourceTree = "<group>"; };
		95C7279923EB637600ED1A28 /* Rubik-Regular.ttf */ = {isa = PBXFileReference; lastKnownFileType = file; path = "Rubik-Regular.ttf"; sourceTree = "<group>"; };
		95C7279A23EB637600ED1A28 /* Rubik-Medium.ttf */ = {isa = PBXFileReference; lastKnownFileType = file; path = "Rubik-Medium.ttf"; sourceTree = "<group>"; };
		95C7279B23EB637700ED1A28 /* Rubik-Italic.ttf */ = {isa = PBXFileReference; lastKnownFileType = file; path = "Rubik-Italic.ttf"; sourceTree = "<group>"; };
		95C7279C23EB637700ED1A28 /* Rubik-BlackItalic.ttf */ = {isa = PBXFileReference; lastKnownFileType = file; path = "Rubik-BlackItalic.ttf"; sourceTree = "<group>"; };
		95C7279D23EB637700ED1A28 /* Rubik-MediumItalic.ttf */ = {isa = PBXFileReference; lastKnownFileType = file; path = "Rubik-MediumItalic.ttf"; sourceTree = "<group>"; };
		95C7279E23EB637800ED1A28 /* Rubik-BoldItalic.ttf */ = {isa = PBXFileReference; lastKnownFileType = file; path = "Rubik-BoldItalic.ttf"; sourceTree = "<group>"; };
		95C850222468620900366EA2 /* EditorSettingsController.swift */ = {isa = PBXFileReference; lastKnownFileType = sourcecode.swift; path = EditorSettingsController.swift; sourceTree = "<group>"; };
		95DC554B23EC9A820011FA2A /* ColorSelectDialog1.swift */ = {isa = PBXFileReference; lastKnownFileType = sourcecode.swift; path = ColorSelectDialog1.swift; sourceTree = "<group>"; };
		95DC554D23EC9D2A0011FA2A /* ColorSelector.swift */ = {isa = PBXFileReference; fileEncoding = 4; lastKnownFileType = sourcecode.swift; path = ColorSelector.swift; sourceTree = "<group>"; };
		95DC554F23EDF8280011FA2A /* CIrcleColorSlider.swift */ = {isa = PBXFileReference; lastKnownFileType = sourcecode.swift; path = CIrcleColorSlider.swift; sourceTree = "<group>"; };
		95DC555123EF3FEA0011FA2A /* ColorSelectDialog2.swift */ = {isa = PBXFileReference; lastKnownFileType = sourcecode.swift; path = ColorSelectDialog2.swift; sourceTree = "<group>"; };
		95E2A02E2455185800B02742 /* EraseController.swift */ = {isa = PBXFileReference; lastKnownFileType = sourcecode.swift; path = EraseController.swift; sourceTree = "<group>"; };
		95E2A0302455197400B02742 /* FillController.swift */ = {isa = PBXFileReference; lastKnownFileType = sourcecode.swift; path = FillController.swift; sourceTree = "<group>"; };
		95E2A03224551CA500B02742 /* SelectionController.swift */ = {isa = PBXFileReference; lastKnownFileType = sourcecode.swift; path = SelectionController.swift; sourceTree = "<group>"; };
		95E3D4A924524AB90057A830 /* ProjectPallete.swift */ = {isa = PBXFileReference; lastKnownFileType = sourcecode.swift; path = ProjectPallete.swift; sourceTree = "<group>"; };
		95F8AFC2245E0B8F00A26B58 /* ProjectResizeController.swift */ = {isa = PBXFileReference; lastKnownFileType = sourcecode.swift; path = ProjectResizeController.swift; sourceTree = "<group>"; };
		95FC4150240A8ECE00B7F315 /* LayerList.swift */ = {isa = PBXFileReference; lastKnownFileType = sourcecode.swift; path = LayerList.swift; sourceTree = "<group>"; };
		95FFC434244DA3C40011A5DC /* TransformView.swift */ = {isa = PBXFileReference; lastKnownFileType = sourcecode.swift; path = TransformView.swift; sourceTree = "<group>"; };
/* End PBXFileReference section */

/* Begin PBXFrameworksBuildPhase section */
		954AABA923BBEC3D00F52955 /* Frameworks */ = {
			isa = PBXFrameworksBuildPhase;
			buildActionMask = 2147483647;
			files = (
			);
			runOnlyForDeploymentPostprocessing = 0;
		};
		954FFE1E246B357D00A4EC71 /* Frameworks */ = {
			isa = PBXFrameworksBuildPhase;
			buildActionMask = 2147483647;
			files = (
				954FFE24246B357D00A4EC71 /* QuickLookThumbnailing.framework in Frameworks */,
			);
			runOnlyForDeploymentPostprocessing = 0;
		};
/* End PBXFrameworksBuildPhase section */

/* Begin PBXGroup section */
		95023E3F24252ADE0098187E /* PalleteCreate */ = {
			isa = PBXGroup;
			children = (
				95023E4024252AF40098187E /* PalleteCreateController.swift */,
				954E6AE22475B3310030A3F3 /* PaletteCollection3.swift */,
			);
			name = PalleteCreate;
			sourceTree = "<group>";
		};
		9537B1A4243E48A80083BE27 /* Grid */ = {
			isa = PBXGroup;
			children = (
				95C0EDD52448B2130012D60D /* GridLayer.swift */,
				9537B1A0243C6C880083BE27 /* GridView.swift */,
			);
			name = Grid;
			sourceTree = "<group>";
		};
		9537B1A924425D790083BE27 /* Settings */ = {
			isa = PBXGroup;
			children = (
				9537B1AA24425D920083BE27 /* SettingsController.swift */,
				95A799602443A3E200F7BBE2 /* ThemeSelect.swift */,
				95A799642443B59800F7BBE2 /* MainSettingsMenu.swift */,
				95C850222468620900366EA2 /* EditorSettingsController.swift */,
				959DB4A92469B4CC006C4678 /* ToolBarRepositionCollection.swift */,
				95A67778246A9ABE00B3A3F6 /* AboutDeveloperController.swift */,
			);
			name = Settings;
			sourceTree = "<group>";
		};
		954AABA323BBEC3D00F52955 = {
			isa = PBXGroup;
			children = (
				959B51442464504C0071F2CA /* Localizable.strings */,
				954AABAE23BBEC3D00F52955 /* Pixel-Null */,
				954FFE25246B357D00A4EC71 /* FIles Miniature */,
				954FFE22246B357D00A4EC71 /* Frameworks */,
				954AABAD23BBEC3D00F52955 /* Products */,
			);
			sourceTree = "<group>";
		};
		954AABAD23BBEC3D00F52955 /* Products */ = {
			isa = PBXGroup;
			children = (
				954AABAC23BBEC3D00F52955 /* Pixel Null.app */,
				954FFE21246B357D00A4EC71 /* FIles Miniature.appex */,
			);
			name = Products;
			sourceTree = "<group>";
		};
		954AABAE23BBEC3D00F52955 /* Pixel-Null */ = {
			isa = PBXGroup;
			children = (
				95AA119B2444C1500048CB96 /* SwiftUIFun.swift */,
				95A51E1324444B4D00A03606 /* Training */,
				9537B1A924425D790083BE27 /* Settings */,
				955145D32405587700524FF9 /* Editor */,
				95C1233B241E088800775377 /* Colors Pallete */,
				959217AC23FD719800DE61EE /* Gallery */,
				95D01F1A2456BE38006C8394 /* Controls */,
				95560A2023C8D64100581482 /* fonts */,
				95C7278123EB37D700ED1A28 /* Create Dialog */,
				95C7278223EB37EA00ED1A28 /* Color Dialog */,
				95D4559923CED016007E7505 /* Project */,
				95C7278723EB583D00ED1A28 /* ColorStyle.swift */,
				95144C4E245C53990070DDF2 /* ImagePixelColor.swift */,
				95782CDF23CD8F3000C2772F /* TextFieldDelegate.swift */,
				954AABAF23BBEC3D00F52955 /* AppDelegate.swift */,
				954AABB123BBEC3D00F52955 /* SceneDelegate.swift */,
				954AABB323BBEC3D00F52955 /* MainViewController.swift */,
				954AABB523BBEC3D00F52955 /* Main.storyboard */,
				954AABB823BBEC4100F52955 /* Assets.xcassets */,
				954AABBA23BBEC4100F52955 /* LaunchScreen.storyboard */,
				954AABBD23BBEC4100F52955 /* Info.plist */,
				95560A1223C2EA3100581482 /* a.swift */,
				9540F1BB2431A2C5008D1657 /* NavigationView.swift */,
				95662D8E246DBE9E004970A1 /* ImportFIles */,
				956E3106246E770000502A2F /* ThemeController.swift */,
				956E310A246E774200502A2F /* ViewHelper.swift */,
			);
			path = "Pixel-Null";
			sourceTree = "<group>";
		};
		954BB2DC240D72A40008B9D5 /* Tools */ = {
			isa = PBXGroup;
			children = (
				959DC1122430AD38001A79DF /* PencilSettings.swift */,
				954BB2DD240D72B50008B9D5 /* Tool.swift */,
				9523F2C72437C4B700725214 /* EraseSettings.swift */,
				9523F2ED2439E17D00725214 /* GradientSettings.swift */,
				95144C4C245C26C00070DDF2 /* SelectorSettings.swift */,
				95144C50245D04C00070DDF2 /* ProjectSettingsController.swift */,
				95F8AFC2245E0B8F00A26B58 /* ProjectResizeController.swift */,
				95C19B1924822AEF003B779F /* EditorTool.swift */,
			);
			name = Tools;
			sourceTree = "<group>";
		};
		954FFE22246B357D00A4EC71 /* Frameworks */ = {
			isa = PBXGroup;
			children = (
				954FFE23246B357D00A4EC71 /* QuickLookThumbnailing.framework */,
			);
			name = Frameworks;
			sourceTree = "<group>";
		};
		954FFE25246B357D00A4EC71 /* FIles Miniature */ = {
			isa = PBXGroup;
			children = (
				954FFE26246B357D00A4EC71 /* ThumbnailProvider.swift */,
				954FFE28246B357D00A4EC71 /* Info.plist */,
			);
			path = "FIles Miniature";
			sourceTree = "<group>";
		};
		955145D32405587700524FF9 /* Editor */ = {
			isa = PBXGroup;
			children = (
				954BB2DC240D72A40008B9D5 /* Tools */,
				956C61F52427C3A4000BF9E4 /* ToolBar */,
				9570657C2417EA3C0044FC39 /* FrameControl */,
				9570657724164D3B0044FC39 /* Frame */,
				9570657624164D2F0044FC39 /* Layer */,
				955145D624055D1000524FF9 /* Editor.swift */,
				9537B1A5243E48C80083BE27 /* EditorLayer.swift */,
				955145D42405589100524FF9 /* ProjectCanvas.swift */,
				957D040D2408283400E58210 /* FramePreview.swift */,
				957D04132408510800E58210 /* ProjectControl.swift */,
				9537B1A4243E48A80083BE27 /* Grid */,
				95C0EDD22448B0F20012D60D /* Symmetry */,
				95FFC436244DA3CD0011A5DC /* Transform */,
			);
			name = Editor;
			sourceTree = "<group>";
		};
		95560A2023C8D64100581482 /* fonts */ = {
			isa = PBXGroup;
			children = (
				95C7278923EB5E8800ED1A28 /* Rubik */,
			);
			path = fonts;
			sourceTree = "<group>";
		};
		95662D8E246DBE9E004970A1 /* ImportFIles */ = {
			isa = PBXGroup;
			children = (
				95A64B42246CCA00002CBCDA /* ProjectImportController.swift */,
				95662D8F246DBEB8004970A1 /* ImportCollectionView.swift */,
			);
			name = ImportFIles;
			sourceTree = "<group>";
		};
		956C61F52427C3A4000BF9E4 /* ToolBar */ = {
			isa = PBXGroup;
			children = (
				956C61F62427C3B9000BF9E4 /* ToolBar.swift */,
				956C61F82427C3CE000BF9E4 /* ToolBarCollection.swift */,
				956C61FA2427EE34000BF9E4 /* ToolButton.swift */,
				95A35C932446357C005780F0 /* FastActionBar.swift */,
			);
			name = ToolBar;
			sourceTree = "<group>";
		};
		9570657624164D2F0044FC39 /* Layer */ = {
			isa = PBXGroup;
			children = (
				95746A1D2406DB9200DD2328 /* LayersView.swift */,
				95FC4150240A8ECE00B7F315 /* LayerList.swift */,
			);
			name = Layer;
			sourceTree = "<group>";
		};
		9570657724164D3B0044FC39 /* Frame */ = {
			isa = PBXGroup;
			children = (
				9570657424164C350044FC39 /* FrameList.swift */,
				9570657824164D840044FC39 /* FramesView.swift */,
			);
			name = Frame;
			sourceTree = "<group>";
		};
		9570657C2417EA3C0044FC39 /* FrameControl */ = {
			isa = PBXGroup;
			children = (
				9570657A24169C910044FC39 /* FrameControl.swift */,
				9570657D2417EA6C0044FC39 /* FramesCollection.swift */,
				958C0C1924180399007B9C95 /* FramesCollectionView.swift */,
				95A89E3423FA3E7E00DC796C /* FrameWorker.swift */,
				958C0C1B241961DE007B9C95 /* LayerCollection.swift */,
				958C0C1D2419653F007B9C95 /* LayersCollectionView.swift */,
			);
			name = FrameControl;
			sourceTree = "<group>";
		};
		959217AC23FD719800DE61EE /* Gallery */ = {
			isa = PBXGroup;
			children = (
				9555908823F5D580000EF96B /* GalleryControl.swift */,
				95560A1623C4302900581482 /* GalleryCells.swift */,
				95560A1923C5442800581482 /* GalleryLayout.swift */,
				95A52B57247904A800DB1567 /* ProjectExportController.swift */,
			);
			name = Gallery;
			sourceTree = "<group>";
		};
		959BCFB9241FECA500B27CFB /* PalleteEditor */ = {
			isa = PBXGroup;
			children = (
				959BCFBA241FECB900B27CFB /* PalleteEditor.swift */,
			);
			name = PalleteEditor;
			sourceTree = "<group>";
		};
		95A51E1324444B4D00A03606 /* Training */ = {
			isa = PBXGroup;
			children = (
				95A51E1124444B4700A03606 /* Training.swift */,
				95A626AE24446099007E75F3 /* PencilController.swift */,
				95A626B02444616C007E75F3 /* TrainingMain.swift */,
				9571F63C244503E200BCBA38 /* EditorController.swift */,
				95816A4C244B4470007C7A69 /* SymmetryController.swift */,
				951CBD4F244BB8A2004DB89B /* GradientController.swift */,
				95E2A02E2455185800B02742 /* EraseController.swift */,
				95E2A0302455197400B02742 /* FillController.swift */,
				95E2A03224551CA500B02742 /* SelectionController.swift */,
				9559B9BB2462CBD80066EA40 /* TransformController.swift */,
				9559B9BD2462D0550066EA40 /* ShapeCollection.swift */,
			);
			name = Training;
			sourceTree = "<group>";
		};
		95C0EDD22448B0F20012D60D /* Symmetry */ = {
			isa = PBXGroup;
			children = (
				95C0EDD32448B1450012D60D /* SummetryView.swift */,
			);
			name = Symmetry;
			sourceTree = "<group>";
		};
		95C1233B241E088800775377 /* Colors Pallete */ = {
			isa = PBXGroup;
			children = (
				95023E3F24252ADE0098187E /* PalleteCreate */,
				959BCFB9241FECA500B27CFB /* PalleteEditor */,
				95C1233C241E08A600775377 /* PalleteCollection.swift */,
				959BCFB7241EC64100B27CFB /* PalleteFull.swift */,
				959BCFBE241FEFA300B27CFB /* PalleteWorker.swift */,
				959BCFC2242254F100B27CFB /* FullColor.swift */,
				954C32772453A71000E520A4 /* PalleteCollectionV2.swift */,
				959CB7E0246F59300096EF38 /* PalleteSelectController.swift */,
				95537EFE2470048E0074C821 /* SelectPaletteCollection.swift */,
				95513ABA24709D59007E3E9E /* ColorsPalleteNew.swift */,
			);
			name = "Colors Pallete";
			sourceTree = "<group>";
		};
		95C7278123EB37D700ED1A28 /* Create Dialog */ = {
			isa = PBXGroup;
			children = (
				95560A2323CA315100581482 /* CreateDialog.swift */,
				95578E0423D4C0B200D8DDF2 /* CreateDIalogController.swift */,
			);
			name = "Create Dialog";
			sourceTree = "<group>";
		};
		95C7278223EB37EA00ED1A28 /* Color Dialog */ = {
			isa = PBXGroup;
			children = (
				9567F5FC23BFF89C00694B40 /* ColorCreator.swift */,
				95C7278323EB384200ED1A28 /* ColorSelectorController.swift */,
				95DC554B23EC9A820011FA2A /* ColorSelectDialog1.swift */,
				95DC555123EF3FEA0011FA2A /* ColorSelectDialog2.swift */,
				9540F1C12434CA97008D1657 /* CircleSelector.swift */,
				959A532F24431C5300F6BF80 /* PalletesDialog.swift */,
			);
			name = "Color Dialog";
			sourceTree = "<group>";
		};
		95C7278923EB5E8800ED1A28 /* Rubik */ = {
			isa = PBXGroup;
			children = (
				95C7279723EB637500ED1A28 /* Rubik-Black.ttf */,
				95C7279C23EB637700ED1A28 /* Rubik-BlackItalic.ttf */,
				95C7279623EB637500ED1A28 /* Rubik-Bold.ttf */,
				95C7279E23EB637800ED1A28 /* Rubik-BoldItalic.ttf */,
				95C7279B23EB637700ED1A28 /* Rubik-Italic.ttf */,
				95C7279523EB637500ED1A28 /* Rubik-Light.ttf */,
				95C7279823EB637600ED1A28 /* Rubik-LightItalic.ttf */,
				95C7279A23EB637600ED1A28 /* Rubik-Medium.ttf */,
				95C7279D23EB637700ED1A28 /* Rubik-MediumItalic.ttf */,
				95C7279923EB637600ED1A28 /* Rubik-Regular.ttf */,
			);
			name = Rubik;
			path = "Pixel-Null/fonts/Rubik";
			sourceTree = SOURCE_ROOT;
		};
		95D01F1A2456BE38006C8394 /* Controls */ = {
			isa = PBXGroup;
			children = (
				9540F1BD243330D1008D1657 /* SliderView.swift */,
				95DC554D23EC9D2A0011FA2A /* ColorSelector.swift */,
				9523F2C52435F46300725214 /* ToggleView.swift */,
				95DC554F23EDF8280011FA2A /* CIrcleColorSlider.swift */,
				9540F1BF2433DDB7008D1657 /* ColorSlider.swift */,
				95782CDD23CB928200C2772F /* TextFIeld.swift */,
				95C7278523EB577900ED1A28 /* CircleButton.swift */,
				95144C4A245AE7FB0070DDF2 /* SegmentSelector.swift */,
				954DAE4A245E161200CB40B1 /* AlignmentSelector.swift */,
			);
			name = Controls;
			sourceTree = "<group>";
		};
		95D4559923CED016007E7505 /* Project */ = {
			isa = PBXGroup;
			children = (
				95560A2123C8EBCC00581482 /* ProjectFullImage.swift */,
				95560A1E23C79ACC00581482 /* ProjectsActions.swift */,
				957DB8DA2412A2780011CDD6 /* ProjectWorker.swift */,
				95E3D4A924524AB90057A830 /* ProjectPallete.swift */,
				95513ABC2471E968007E3E9E /* ProjectViewNew.swift */,
			);
			name = Project;
			sourceTree = "<group>";
		};
		95FFC436244DA3CD0011A5DC /* Transform */ = {
			isa = PBXGroup;
			children = (
				95FFC434244DA3C40011A5DC /* TransformView.swift */,
			);
			name = Transform;
			sourceTree = "<group>";
		};
/* End PBXGroup section */

/* Begin PBXNativeTarget section */
		954AABAB23BBEC3D00F52955 /* Pixel-Null */ = {
			isa = PBXNativeTarget;
			buildConfigurationList = 954AABC023BBEC4100F52955 /* Build configuration list for PBXNativeTarget "Pixel-Null" */;
			buildPhases = (
				954AABA823BBEC3D00F52955 /* Sources */,
				954AABA923BBEC3D00F52955 /* Frameworks */,
				954AABAA23BBEC3D00F52955 /* Resources */,
				954FFE2C246B357D00A4EC71 /* Embed App Extensions */,
			);
			buildRules = (
			);
			dependencies = (
				954FFE2A246B357D00A4EC71 /* PBXTargetDependency */,
			);
			name = "Pixel-Null";
			productName = "new Testing";
			productReference = 954AABAC23BBEC3D00F52955 /* Pixel Null.app */;
			productType = "com.apple.product-type.application";
		};
		954FFE20246B357D00A4EC71 /* FIles Miniature */ = {
			isa = PBXNativeTarget;
			buildConfigurationList = 954FFE2F246B357D00A4EC71 /* Build configuration list for PBXNativeTarget "FIles Miniature" */;
			buildPhases = (
				954FFE1D246B357D00A4EC71 /* Sources */,
				954FFE1E246B357D00A4EC71 /* Frameworks */,
				954FFE1F246B357D00A4EC71 /* Resources */,
			);
			buildRules = (
			);
			dependencies = (
			);
			name = "FIles Miniature";
			productName = "FIles Miniature";
			productReference = 954FFE21246B357D00A4EC71 /* FIles Miniature.appex */;
			productType = "com.apple.product-type.app-extension";
		};
/* End PBXNativeTarget section */

/* Begin PBXProject section */
		954AABA423BBEC3D00F52955 /* Project object */ = {
			isa = PBXProject;
			attributes = {
				LastSwiftUpdateCheck = 1140;
				LastUpgradeCheck = 1130;
				ORGANIZATIONNAME = "Zed Null";
				TargetAttributes = {
					954AABAB23BBEC3D00F52955 = {
						CreatedOnToolsVersion = 11.3;
					};
					954FFE20246B357D00A4EC71 = {
						CreatedOnToolsVersion = 11.4.1;
					};
				};
			};
			buildConfigurationList = 954AABA723BBEC3D00F52955 /* Build configuration list for PBXProject "Pixel-Null" */;
			compatibilityVersion = "Xcode 11.4";
			developmentRegion = en;
			hasScannedForEncodings = 0;
			knownRegions = (
				en,
				Base,
			);
			mainGroup = 954AABA323BBEC3D00F52955;
			productRefGroup = 954AABAD23BBEC3D00F52955 /* Products */;
			projectDirPath = "";
			projectRoot = "";
			targets = (
				954AABAB23BBEC3D00F52955 /* Pixel-Null */,
				954FFE20246B357D00A4EC71 /* FIles Miniature */,
			);
		};
/* End PBXProject section */

/* Begin PBXResourcesBuildPhase section */
		954AABAA23BBEC3D00F52955 /* Resources */ = {
			isa = PBXResourcesBuildPhase;
			buildActionMask = 2147483647;
			files = (
				95C727A223EB637800ED1A28 /* Rubik-LightItalic.ttf in Resources */,
				95C727A623EB637800ED1A28 /* Rubik-BlackItalic.ttf in Resources */,
				95C727A023EB637800ED1A28 /* Rubik-Bold.ttf in Resources */,
				95C727A823EB637800ED1A28 /* Rubik-BoldItalic.ttf in Resources */,
				95C727A323EB637800ED1A28 /* Rubik-Regular.ttf in Resources */,
				95C727A123EB637800ED1A28 /* Rubik-Black.ttf in Resources */,
				95C727A523EB637800ED1A28 /* Rubik-Italic.ttf in Resources */,
				95C7279F23EB637800ED1A28 /* Rubik-Light.ttf in Resources */,
				95C727A723EB637800ED1A28 /* Rubik-MediumItalic.ttf in Resources */,
				959B51422464504C0071F2CA /* Localizable.strings in Resources */,
				95560A1823C4FD0800581482 /* Main.storyboard in Resources */,
				954AABB923BBEC4100F52955 /* Assets.xcassets in Resources */,
				95C727A423EB637800ED1A28 /* Rubik-Medium.ttf in Resources */,
			);
			runOnlyForDeploymentPostprocessing = 0;
		};
		954FFE1F246B357D00A4EC71 /* Resources */ = {
			isa = PBXResourcesBuildPhase;
			buildActionMask = 2147483647;
			files = (
				954FFE9A246B6B9800A4EC71 /* Assets.xcassets in Resources */,
			);
			runOnlyForDeploymentPostprocessing = 0;
		};
/* End PBXResourcesBuildPhase section */

/* Begin PBXSourcesBuildPhase section */
		954AABA823BBEC3D00F52955 /* Sources */ = {
			isa = PBXSourcesBuildPhase;
			buildActionMask = 2147483647;
			files = (
				9555908923F5D580000EF96B /* GalleryControl.swift in Sources */,
				95A89E3523FA3E7E00DC796C /* FrameWorker.swift in Sources */,
				95A626B12444616D007E75F3 /* TrainingMain.swift in Sources */,
				95578E0523D4C0B200D8DDF2 /* CreateDIalogController.swift in Sources */,
				959DB4AA2469B4CC006C4678 /* ToolBarRepositionCollection.swift in Sources */,
				9537B1A1243C6C880083BE27 /* GridView.swift in Sources */,
				9540F1BE243330D2008D1657 /* SliderView.swift in Sources */,
				95A52B58247904A800DB1567 /* ProjectExportController.swift in Sources */,
				958C0C1E2419653F007B9C95 /* LayersCollectionView.swift in Sources */,
				954DAE4B245E161200CB40B1 /* AlignmentSelector.swift in Sources */,
				95144C4D245C26C00070DDF2 /* SelectorSettings.swift in Sources */,
				95816A4D244B4470007C7A69 /* SymmetryController.swift in Sources */,
				95E2A0312455197400B02742 /* FillController.swift in Sources */,
				95DC554E23EC9D2A0011FA2A /* ColorSelector.swift in Sources */,
				954E6AE32475B3310030A3F3 /* PaletteCollection3.swift in Sources */,
				95A64B43246CCA00002CBCDA /* ProjectImportController.swift in Sources */,
				9570657B24169C910044FC39 /* FrameControl.swift in Sources */,
				95C0EDD62448B2130012D60D /* GridLayer.swift in Sources */,
				956C61F72427C3B9000BF9E4 /* ToolBar.swift in Sources */,
				954AABB423BBEC3D00F52955 /* MainViewController.swift in Sources */,
				9559B9BC2462CBD80066EA40 /* TransformController.swift in Sources */,
				956C61FB2427EE34000BF9E4 /* ToolButton.swift in Sources */,
				9540F1C02433DDB7008D1657 /* ColorSlider.swift in Sources */,
				95C19B1A24822AEF003B779F /* EditorTool.swift in Sources */,
				95560A2223C8EBCC00581482 /* ProjectFullImage.swift in Sources */,
				959BCFC3242254F100B27CFB /* FullColor.swift in Sources */,
				95144C4B245AE7FB0070DDF2 /* SegmentSelector.swift in Sources */,
				95A51E1224444B4700A03606 /* Training.swift in Sources */,
				9523F2EE2439E17D00725214 /* GradientSettings.swift in Sources */,
				954FFE99246B66F700A4EC71 /* ThumbnailProvider.swift in Sources */,
				95A626AF24446099007E75F3 /* PencilController.swift in Sources */,
				95C0EDD42448B1450012D60D /* SummetryView.swift in Sources */,
				954BB2DE240D72B50008B9D5 /* Tool.swift in Sources */,
				95513ABD2471E968007E3E9E /* ProjectViewNew.swift in Sources */,
				95FC4151240A8ECE00B7F315 /* LayerList.swift in Sources */,
				95144C4F245C53990070DDF2 /* ImagePixelColor.swift in Sources */,
				954AABB023BBEC3D00F52955 /* AppDelegate.swift in Sources */,
				9567F5FD23BFF89C00694B40 /* ColorCreator.swift in Sources */,
				959CB7E1246F59300096EF38 /* PalleteSelectController.swift in Sources */,
				95E2A02F2455185800B02742 /* EraseController.swift in Sources */,
				9540F1C22434CA97008D1657 /* CircleSelector.swift in Sources */,
				95560A1323C2EA3100581482 /* a.swift in Sources */,
				959BCFBF241FEFA300B27CFB /* PalleteWorker.swift in Sources */,
				9571F63D244503E200BCBA38 /* EditorController.swift in Sources */,
				954C32782453A71000E520A4 /* PalleteCollectionV2.swift in Sources */,
				95560A1723C4302900581482 /* GalleryCells.swift in Sources */,
				95C850232468620900366EA2 /* EditorSettingsController.swift in Sources */,
				959DC1132430AD38001A79DF /* PencilSettings.swift in Sources */,
				95DC554C23EC9A820011FA2A /* ColorSelectDialog1.swift in Sources */,
				955145D724055D1000524FF9 /* Editor.swift in Sources */,
				95A67779246A9ABE00B3A3F6 /* AboutDeveloperController.swift in Sources */,
				958C0C1C241961DE007B9C95 /* LayerCollection.swift in Sources */,
				959A533024431C5300F6BF80 /* PalletesDialog.swift in Sources */,
				954AABB223BBEC3D00F52955 /* SceneDelegate.swift in Sources */,
				9523F2C82437C4B700725214 /* EraseSettings.swift in Sources */,
				95C1233D241E08A600775377 /* PalleteCollection.swift in Sources */,
				95A799612443A3E200F7BBE2 /* ThemeSelect.swift in Sources */,
				9570657524164C350044FC39 /* FrameList.swift in Sources */,
				95560A1F23C79ACC00581482 /* ProjectsActions.swift in Sources */,
				95513ABB24709D59007E3E9E /* ColorsPalleteNew.swift in Sources */,
				95FFC435244DA3C40011A5DC /* TransformView.swift in Sources */,
				957D04142408510800E58210 /* ProjectControl.swift in Sources */,
				959BCFBB241FECB900B27CFB /* PalleteEditor.swift in Sources */,
				95F8AFC3245E0B8F00A26B58 /* ProjectResizeController.swift in Sources */,
				9570657E2417EA6C0044FC39 /* FramesCollection.swift in Sources */,
				95DC555223EF3FEA0011FA2A /* ColorSelectDialog2.swift in Sources */,
				95E3D4AA24524AB90057A830 /* ProjectPallete.swift in Sources */,
				95C7278823EB583D00ED1A28 /* ColorStyle.swift in Sources */,
				95662D90246DBEB8004970A1 /* ImportCollectionView.swift in Sources */,
				959BCFB8241EC64100B27CFB /* PalleteFull.swift in Sources */,
				95E2A03324551CA500B02742 /* SelectionController.swift in Sources */,
				95023E4124252AF40098187E /* PalleteCreateController.swift in Sources */,
				95A799652443B59800F7BBE2 /* MainSettingsMenu.swift in Sources */,
				9537B1A6243E48C80083BE27 /* EditorLayer.swift in Sources */,
				9537B1AB24425D920083BE27 /* SettingsController.swift in Sources */,
				95782CDE23CB928200C2772F /* TextFIeld.swift in Sources */,
				95DC555023EDF8280011FA2A /* CIrcleColorSlider.swift in Sources */,
				9570657924164D840044FC39 /* FramesView.swift in Sources */,
				95A35C942446357C005780F0 /* FastActionBar.swift in Sources */,
				955145D52405589100524FF9 /* ProjectCanvas.swift in Sources */,
				95C7278423EB384300ED1A28 /* ColorSelectorController.swift in Sources */,
				95AA119C2444C1500048CB96 /* SwiftUIFun.swift in Sources */,
				951CBD50244BB8A2004DB89B /* GradientController.swift in Sources */,
				95782CE023CD8F3000C2772F /* TextFieldDelegate.swift in Sources */,
				95144C51245D04C00070DDF2 /* ProjectSettingsController.swift in Sources */,
				95746A1E2406DB9200DD2328 /* LayersView.swift in Sources */,
				95537EFF2470048E0074C821 /* SelectPaletteCollection.swift in Sources */,
				9523F2C62435F46300725214 /* ToggleView.swift in Sources */,
				9559B9BE2462D0550066EA40 /* ShapeCollection.swift in Sources */,
				956E310B246E774200502A2F /* ViewHelper.swift in Sources */,
				9540F1BC2431A2C5008D1657 /* NavigationView.swift in Sources */,
				956C61F92427C3CE000BF9E4 /* ToolBarCollection.swift in Sources */,
				95560A2423CA315100581482 /* CreateDialog.swift in Sources */,
				95C7278623EB577900ED1A28 /* CircleButton.swift in Sources */,
				957D040E2408283400E58210 /* FramePreview.swift in Sources */,
				958C0C1A24180399007B9C95 /* FramesCollectionView.swift in Sources */,
				95560A1A23C5442800581482 /* GalleryLayout.swift in Sources */,
				95816A4B244B2E6A007C7A69 /* ProjectWorker.swift in Sources */,
				956E3107246E770000502A2F /* ThemeController.swift in Sources */,
			);
			runOnlyForDeploymentPostprocessing = 0;
		};
		954FFE1D246B357D00A4EC71 /* Sources */ = {
			isa = PBXSourcesBuildPhase;
			buildActionMask = 2147483647;
			files = (
				95A64B40246C7484002CBCDA /* ImagePixelColor.swift in Sources */,
				95A64B3E246C7449002CBCDA /* ColorStyle.swift in Sources */,
				95A64B41246C74EF002CBCDA /* ColorCreator.swift in Sources */,
				954FFE27246B357D00A4EC71 /* ThumbnailProvider.swift in Sources */,
				956E310D246E77FE00502A2F /* ThemeController.swift in Sources */,
				95A64B3D246C724A002CBCDA /* PalleteWorker.swift in Sources */,
				95A64B3F246C7455002CBCDA /* Tool.swift in Sources */,
			);
			runOnlyForDeploymentPostprocessing = 0;
		};
/* End PBXSourcesBuildPhase section */

/* Begin PBXTargetDependency section */
		954FFE2A246B357D00A4EC71 /* PBXTargetDependency */ = {
			isa = PBXTargetDependency;
			target = 954FFE20246B357D00A4EC71 /* FIles Miniature */;
			targetProxy = 954FFE29246B357D00A4EC71 /* PBXContainerItemProxy */;
		};
/* End PBXTargetDependency section */

/* Begin PBXVariantGroup section */
		954AABB523BBEC3D00F52955 /* Main.storyboard */ = {
			isa = PBXVariantGroup;
			children = (
				954AABB623BBEC3D00F52955 /* Base */,
			);
			name = Main.storyboard;
			sourceTree = "<group>";
		};
		954AABBA23BBEC4100F52955 /* LaunchScreen.storyboard */ = {
			isa = PBXVariantGroup;
			children = (
				954AABBB23BBEC4100F52955 /* Base */,
			);
			name = LaunchScreen.storyboard;
			sourceTree = "<group>";
		};
		959B51442464504C0071F2CA /* Localizable.strings */ = {
			isa = PBXVariantGroup;
			children = (
				959B51452464504F0071F2CA /* en */,
			);
			name = Localizable.strings;
			sourceTree = "<group>";
		};
/* End PBXVariantGroup section */

/* Begin XCBuildConfiguration section */
		954AABBE23BBEC4100F52955 /* Debug */ = {
			isa = XCBuildConfiguration;
			buildSettings = {
				ALWAYS_SEARCH_USER_PATHS = NO;
				CLANG_ANALYZER_LOCALIZABILITY_NONLOCALIZED = YES;
				CLANG_ANALYZER_NONNULL = YES;
				CLANG_ANALYZER_NUMBER_OBJECT_CONVERSION = YES_AGGRESSIVE;
				CLANG_CXX_LANGUAGE_STANDARD = "gnu++14";
				CLANG_CXX_LIBRARY = "libc++";
				CLANG_ENABLE_MODULES = YES;
				CLANG_ENABLE_OBJC_ARC = YES;
				CLANG_ENABLE_OBJC_WEAK = YES;
				CLANG_WARN_BLOCK_CAPTURE_AUTORELEASING = YES;
				CLANG_WARN_BOOL_CONVERSION = YES;
				CLANG_WARN_COMMA = YES;
				CLANG_WARN_CONSTANT_CONVERSION = YES;
				CLANG_WARN_DEPRECATED_OBJC_IMPLEMENTATIONS = YES;
				CLANG_WARN_DIRECT_OBJC_ISA_USAGE = YES_ERROR;
				CLANG_WARN_DOCUMENTATION_COMMENTS = YES;
				CLANG_WARN_EMPTY_BODY = YES;
				CLANG_WARN_ENUM_CONVERSION = YES;
				CLANG_WARN_INFINITE_RECURSION = YES;
				CLANG_WARN_INT_CONVERSION = YES;
				CLANG_WARN_NON_LITERAL_NULL_CONVERSION = YES;
				CLANG_WARN_OBJC_IMPLICIT_RETAIN_SELF = YES;
				CLANG_WARN_OBJC_LITERAL_CONVERSION = YES;
				CLANG_WARN_OBJC_ROOT_CLASS = YES_ERROR;
				CLANG_WARN_RANGE_LOOP_ANALYSIS = YES;
				CLANG_WARN_STRICT_PROTOTYPES = YES;
				CLANG_WARN_SUSPICIOUS_MOVE = YES;
				CLANG_WARN_UNGUARDED_AVAILABILITY = YES_AGGRESSIVE;
				CLANG_WARN_UNREACHABLE_CODE = YES;
				CLANG_WARN__DUPLICATE_METHOD_MATCH = YES;
				COPY_PHASE_STRIP = NO;
				DEBUG_INFORMATION_FORMAT = dwarf;
				ENABLE_STRICT_OBJC_MSGSEND = YES;
				ENABLE_TESTABILITY = YES;
				GCC_C_LANGUAGE_STANDARD = gnu11;
				GCC_DYNAMIC_NO_PIC = NO;
				GCC_NO_COMMON_BLOCKS = YES;
				GCC_OPTIMIZATION_LEVEL = 0;
				GCC_PREPROCESSOR_DEFINITIONS = (
					"DEBUG=1",
					"$(inherited)",
				);
				GCC_WARN_64_TO_32_BIT_CONVERSION = YES;
				GCC_WARN_ABOUT_RETURN_TYPE = YES_ERROR;
				GCC_WARN_UNDECLARED_SELECTOR = YES;
				GCC_WARN_UNINITIALIZED_AUTOS = YES_AGGRESSIVE;
				GCC_WARN_UNUSED_FUNCTION = YES;
				GCC_WARN_UNUSED_VARIABLE = YES;
				IPHONEOS_DEPLOYMENT_TARGET = 13.4;
				MTL_ENABLE_DEBUG_INFO = INCLUDE_SOURCE;
				MTL_FAST_MATH = YES;
				ONLY_ACTIVE_ARCH = YES;
				SDKROOT = iphoneos;
				SWIFT_ACTIVE_COMPILATION_CONDITIONS = DEBUG;
				SWIFT_OPTIMIZATION_LEVEL = "-Onone";
			};
			name = Debug;
		};
		954AABBF23BBEC4100F52955 /* Release */ = {
			isa = XCBuildConfiguration;
			buildSettings = {
				ALWAYS_SEARCH_USER_PATHS = NO;
				CLANG_ANALYZER_LOCALIZABILITY_NONLOCALIZED = YES;
				CLANG_ANALYZER_NONNULL = YES;
				CLANG_ANALYZER_NUMBER_OBJECT_CONVERSION = YES_AGGRESSIVE;
				CLANG_CXX_LANGUAGE_STANDARD = "gnu++14";
				CLANG_CXX_LIBRARY = "libc++";
				CLANG_ENABLE_MODULES = YES;
				CLANG_ENABLE_OBJC_ARC = YES;
				CLANG_ENABLE_OBJC_WEAK = YES;
				CLANG_WARN_BLOCK_CAPTURE_AUTORELEASING = YES;
				CLANG_WARN_BOOL_CONVERSION = YES;
				CLANG_WARN_COMMA = YES;
				CLANG_WARN_CONSTANT_CONVERSION = YES;
				CLANG_WARN_DEPRECATED_OBJC_IMPLEMENTATIONS = YES;
				CLANG_WARN_DIRECT_OBJC_ISA_USAGE = YES_ERROR;
				CLANG_WARN_DOCUMENTATION_COMMENTS = YES;
				CLANG_WARN_EMPTY_BODY = YES;
				CLANG_WARN_ENUM_CONVERSION = YES;
				CLANG_WARN_INFINITE_RECURSION = YES;
				CLANG_WARN_INT_CONVERSION = YES;
				CLANG_WARN_NON_LITERAL_NULL_CONVERSION = YES;
				CLANG_WARN_OBJC_IMPLICIT_RETAIN_SELF = YES;
				CLANG_WARN_OBJC_LITERAL_CONVERSION = YES;
				CLANG_WARN_OBJC_ROOT_CLASS = YES_ERROR;
				CLANG_WARN_RANGE_LOOP_ANALYSIS = YES;
				CLANG_WARN_STRICT_PROTOTYPES = YES;
				CLANG_WARN_SUSPICIOUS_MOVE = YES;
				CLANG_WARN_UNGUARDED_AVAILABILITY = YES_AGGRESSIVE;
				CLANG_WARN_UNREACHABLE_CODE = YES;
				CLANG_WARN__DUPLICATE_METHOD_MATCH = YES;
				COPY_PHASE_STRIP = NO;
				DEBUG_INFORMATION_FORMAT = "dwarf-with-dsym";
				ENABLE_NS_ASSERTIONS = NO;
				ENABLE_STRICT_OBJC_MSGSEND = YES;
				GCC_C_LANGUAGE_STANDARD = gnu11;
				GCC_NO_COMMON_BLOCKS = YES;
				GCC_WARN_64_TO_32_BIT_CONVERSION = YES;
				GCC_WARN_ABOUT_RETURN_TYPE = YES_ERROR;
				GCC_WARN_UNDECLARED_SELECTOR = YES;
				GCC_WARN_UNINITIALIZED_AUTOS = YES_AGGRESSIVE;
				GCC_WARN_UNUSED_FUNCTION = YES;
				GCC_WARN_UNUSED_VARIABLE = YES;
				IPHONEOS_DEPLOYMENT_TARGET = 13.4;
				MTL_ENABLE_DEBUG_INFO = NO;
				MTL_FAST_MATH = YES;
				SDKROOT = iphoneos;
				SWIFT_COMPILATION_MODE = wholemodule;
				SWIFT_OPTIMIZATION_LEVEL = "-O";
				VALIDATE_PRODUCT = YES;
			};
			name = Release;
		};
		954AABC123BBEC4100F52955 /* Debug */ = {
			isa = XCBuildConfiguration;
			buildSettings = {
				ALWAYS_EMBED_SWIFT_STANDARD_LIBRARIES = YES;
				ASSETCATALOG_COMPILER_APPICON_NAME = AppIcon;
				CODE_SIGN_IDENTITY = "Apple Development";
				CODE_SIGN_STYLE = Automatic;
				DEVELOPMENT_TEAM = G7668ALM57;
				INFOPLIST_FILE = "Pixel-Null/Info.plist";
				IPHONEOS_DEPLOYMENT_TARGET = 13.4;
				LD_RUNPATH_SEARCH_PATHS = (
					"$(inherited)",
					"@executable_path/Frameworks",
				);
				ONLY_ACTIVE_ARCH = YES;
				PRODUCT_BUNDLE_IDENTIFIER = "com.null.zed.Pixel-Null";
				PRODUCT_NAME = "Pixel Null";
				PROVISIONING_PROFILE_SPECIFIER = "";
				SWIFT_VERSION = 5.0;
				TARGETED_DEVICE_FAMILY = "1,2";
			};
			name = Debug;
		};
		954AABC223BBEC4100F52955 /* Release */ = {
			isa = XCBuildConfiguration;
			buildSettings = {
				ALWAYS_EMBED_SWIFT_STANDARD_LIBRARIES = YES;
				ASSETCATALOG_COMPILER_APPICON_NAME = AppIcon;
				CODE_SIGN_IDENTITY = "Apple Development";
				CODE_SIGN_STYLE = Automatic;
				DEVELOPMENT_TEAM = G7668ALM57;
				INFOPLIST_FILE = "Pixel-Null/Info.plist";
				IPHONEOS_DEPLOYMENT_TARGET = 13.4;
				LD_RUNPATH_SEARCH_PATHS = (
					"$(inherited)",
					"@executable_path/Frameworks",
				);
				ONLY_ACTIVE_ARCH = YES;
				PRODUCT_BUNDLE_IDENTIFIER = "com.null.zed.Pixel-Null";
				PRODUCT_NAME = "Pixel Null";
				PROVISIONING_PROFILE_SPECIFIER = "";
				SWIFT_VERSION = 5.0;
				TARGETED_DEVICE_FAMILY = "1,2";
			};
			name = Release;
		};
		954FFE2D246B357D00A4EC71 /* Debug */ = {
			isa = XCBuildConfiguration;
			buildSettings = {
				CODE_SIGN_IDENTITY = "Apple Development";
				CODE_SIGN_STYLE = Automatic;
				DEVELOPMENT_ASSET_PATHS = "";
				DEVELOPMENT_TEAM = G7668ALM57;
				INFOPLIST_FILE = "FIles Miniature/Info.plist";
				LD_RUNPATH_SEARCH_PATHS = (
					"$(inherited)",
					"@executable_path/Frameworks",
					"@executable_path/../../Frameworks",
				);
				PRODUCT_BUNDLE_IDENTIFIER = "com.null.zed.Pixel-Null.FIles-Miniature";
				PRODUCT_NAME = "$(TARGET_NAME)";
				SKIP_INSTALL = YES;
				SWIFT_VERSION = 5.0;
				TARGETED_DEVICE_FAMILY = "1,2";
			};
			name = Debug;
		};
		954FFE2E246B357D00A4EC71 /* Release */ = {
			isa = XCBuildConfiguration;
			buildSettings = {
				CODE_SIGN_IDENTITY = "Apple Development";
				CODE_SIGN_STYLE = Automatic;
				DEVELOPMENT_ASSET_PATHS = "";
				DEVELOPMENT_TEAM = G7668ALM57;
				INFOPLIST_FILE = "FIles Miniature/Info.plist";
				LD_RUNPATH_SEARCH_PATHS = (
					"$(inherited)",
					"@executable_path/Frameworks",
					"@executable_path/../../Frameworks",
				);
				PRODUCT_BUNDLE_IDENTIFIER = "com.null.zed.Pixel-Null.FIles-Miniature";
				PRODUCT_NAME = "$(TARGET_NAME)";
				SKIP_INSTALL = YES;
				SWIFT_VERSION = 5.0;
				TARGETED_DEVICE_FAMILY = "1,2";
			};
			name = Release;
		};
/* End XCBuildConfiguration section */

/* Begin XCConfigurationList section */
		954AABA723BBEC3D00F52955 /* Build configuration list for PBXProject "Pixel-Null" */ = {
			isa = XCConfigurationList;
			buildConfigurations = (
				954AABBE23BBEC4100F52955 /* Debug */,
				954AABBF23BBEC4100F52955 /* Release */,
			);
			defaultConfigurationIsVisible = 0;
			defaultConfigurationName = Release;
		};
		954AABC023BBEC4100F52955 /* Build configuration list for PBXNativeTarget "Pixel-Null" */ = {
			isa = XCConfigurationList;
			buildConfigurations = (
				954AABC123BBEC4100F52955 /* Debug */,
				954AABC223BBEC4100F52955 /* Release */,
			);
			defaultConfigurationIsVisible = 0;
			defaultConfigurationName = Release;
		};
		954FFE2F246B357D00A4EC71 /* Build configuration list for PBXNativeTarget "FIles Miniature" */ = {
			isa = XCConfigurationList;
			buildConfigurations = (
				954FFE2D246B357D00A4EC71 /* Debug */,
				954FFE2E246B357D00A4EC71 /* Release */,
			);
			defaultConfigurationIsVisible = 0;
			defaultConfigurationName = Release;
		};
/* End XCConfigurationList section */
	};
	rootObject = 954AABA423BBEC3D00F52955 /* Project object */;
}
